{
  "name": "example-2",
  "version": "1.0.0",
  "lockfileVersion": 2,
  "requires": true,
  "packages": {
    "": {
      "name": "example-2",
      "version": "1.0.0",
      "dependencies": {
        "file-variants": "*"
      }
    },
    "../..": {
      "version": "1.0.1",
      "license": "MIT",
      "dependencies": {
        "chalk": "^4.1.2",
        "glob": "^7.1.7"
      },
      "bin": {
        "file-variants": "bin/scripts.js"
      },
      "devDependencies": {
        "@types/glob": "^7.1.4",
        "@types/jest": "^27.0.1",
        "@types/node": "^16.6.2",
        "jest": "^27.0.6",
        "prettier": "^2.3.2",
        "ts-jest": "^27.0.5",
        "tslint": "^6.1.3",
        "tslint-config-prettier": "^1.18.0",
        "typescript": "^4.3.5"
      }
    },
    "node_modules/file-variants": {
      "resolved": "../..",
      "link": true
    }
  },
  "dependencies": {
    "file-variants": {
      "version": "file:../..",
      "requires": {
        "@types/glob": "^7.1.4",
        "@types/jest": "^27.0.1",
        "@types/node": "^16.6.2",
        "chalk": "^4.1.2",
        "glob": "^7.1.7",
        "jest": "^27.0.6",
        "prettier": "^2.3.2",
        "ts-jest": "^27.0.5",
        "tslint": "^6.1.3",
        "tslint-config-prettier": "^1.18.0",
        "typescript": "^4.3.5"
      }
    }
  }
}
